
Microsoft Visual Studio Solution File, Format Version 12.00
# Visual Studio Version 17
VisualStudioVersion = 17.3.32929.385
MinimumVisualStudioVersion = 10.0.40219.1
Project("{8BC9CEB8-8B4A-11D0-8D11-00A0C91BC942}") = "DynamicStack", "DynamicStack\DynamicStack.vcxproj", "{3A4832F2-F6DE-42AF-A9A4-59973E8F7807}"
EndProject
Project("{8BC9CEB8-8B4A-11D0-8D11-00A0C91BC942}") = "DynamicQueue", "DynamicQueue\DynamicQueue.vcxproj", "{3C450354-73DE-4056-9176-D1E722F93BB8}"
EndProject
Project("{8BC9CEB8-8B4A-11D0-8D11-00A0C91BC942}") = "DynamicArray", "DynamicArray\DynamicArray.vcxproj", "{A8EB92F5-918F-4110-85C5-C91AE1438E76}"
EndProject
Project("{8BC9CEB8-8B4A-11D0-8D11-00A0C91BC942}") = "BinarySearchTree", "BinarySearchTree\BinarySearchTree.vcxproj", "{4311061A-1C88-45B6-86E5-6558B944253B}"
EndProject
Project("{8BC9CEB8-8B4A-11D0-8D11-00A0C91BC942}") = "AVLTree", "AVLTree\AVLTree.vcxproj", "{82412288-1A80-469C-BE71-250DF6E84F5E}"
EndProject
Global
	GlobalSection(SolutionConfigurationPlatforms) = preSolution
		Debug|x64 = Debug|x64
		Debug|x86 = Debug|x86
		Release|x64 = Release|x64
		Release|x86 = Release|x86
	EndGlobalSection
	GlobalSection(ProjectConfigurationPlatforms) = postSolution
		{3A4832F2-F6DE-42AF-A9A4-59973E8F7807}.Debug|x64.ActiveCfg = Debug|x64
		{3A4832F2-F6DE-42AF-A9A4-59973E8F7807}.Debug|x64.Build.0 = Debug|x64
		{3A4832F2-F6DE-42AF-A9A4-59973E8F7807}.Debug|x86.ActiveCfg = Debug|Win32
		{3A4832F2-F6DE-42AF-A9A4-59973E8F7807}.Debug|x86.Build.0 = Debug|Win32
		{3A4832F2-F6DE-42AF-A9A4-59973E8F7807}.Release|x64.ActiveCfg = Release|x64
		{3A4832F2-F6DE-42AF-A9A4-59973E8F7807}.Release|x64.Build.0 = Release|x64
		{3A4832F2-F6DE-42AF-A9A4-59973E8F7807}.Release|x86.ActiveCfg = Release|Win32
		{3A4832F2-F6DE-42AF-A9A4-59973E8F7807}.Release|x86.Build.0 = Release|Win32
		{3C450354-73DE-4056-9176-D1E722F93BB8}.Debug|x64.ActiveCfg = Debug|x64
		{3C450354-73DE-4056-9176-D1E722F93BB8}.Debug|x64.Build.0 = Debug|x64
		{3C450354-73DE-4056-9176-D1E722F93BB8}.Debug|x86.ActiveCfg = Debug|Win32
		{3C450354-73DE-4056-9176-D1E722F93BB8}.Debug|x86.Build.0 = Debug|Win32
		{3C450354-73DE-4056-9176-D1E722F93BB8}.Release|x64.ActiveCfg = Release|x64
		{3C450354-73DE-4056-9176-D1E722F93BB8}.Release|x64.Build.0 = Release|x64
		{3C450354-73DE-4056-9176-D1E722F93BB8}.Release|x86.ActiveCfg = Release|Win32
		{3C450354-73DE-4056-9176-D1E722F93BB8}.Release|x86.Build.0 = Release|Win32
		{A8EB92F5-918F-4110-85C5-C91AE1438E76}.Debug|x64.ActiveCfg = Debug|x64
		{A8EB92F5-918F-4110-85C5-C91AE1438E76}.Debug|x64.Build.0 = Debug|x64
		{A8EB92F5-918F-4110-85C5-C91AE1438E76}.Debug|x86.ActiveCfg = Debug|Win32
		{A8EB92F5-918F-4110-85C5-C91AE1438E76}.Debug|x86.Build.0 = Debug|Win32
		{A8EB92F5-918F-4110-85C5-C91AE1438E76}.Release|x64.ActiveCfg = Release|x64
		{A8EB92F5-918F-4110-85C5-C91AE1438E76}.Release|x64.Build.0 = Release|x64
		{A8EB92F5-918F-4110-85C5-C91AE1438E76}.Release|x86.ActiveCfg = Release|Win32
		{A8EB92F5-918F-4110-85C5-C91AE1438E76}.Release|x86.Build.0 = Release|Win32
		{4311061A-1C88-45B6-86E5-6558B944253B}.Debug|x64.ActiveCfg = Debug|x64
		{4311061A-1C88-45B6-86E5-6558B944253B}.Debug|x64.Build.0 = Debug|x64
		{4311061A-1C88-45B6-86E5-6558B944253B}.Debug|x86.ActiveCfg = Debug|Win32
		{4311061A-1C88-45B6-86E5-6558B944253B}.Debug|x86.Build.0 = Debug|Win32
		{4311061A-1C88-45B6-86E5-6558B944253B}.Release|x64.ActiveCfg = Release|x64
		{4311061A-1C88-45B6-86E5-6558B944253B}.Release|x64.Build.0 = Release|x64
		{4311061A-1C88-45B6-86E5-6558B944253B}.Release|x86.ActiveCfg = Release|Win32
		{4311061A-1C88-45B6-86E5-6558B944253B}.Release|x86.Build.0 = Release|Win32
		{82412288-1A80-469C-BE71-250DF6E84F5E}.Debug|x64.ActiveCfg = Debug|x64
		{82412288-1A80-469C-BE71-250DF6E84F5E}.Debug|x64.Build.0 = Debug|x64
		{82412288-1A80-469C-BE71-250DF6E84F5E}.Debug|x86.ActiveCfg = Debug|Win32
		{82412288-1A80-469C-BE71-250DF6E84F5E}.Debug|x86.Build.0 = Debug|Win32
		{82412288-1A80-469C-BE71-250DF6E84F5E}.Release|x64.ActiveCfg = Release|x64
		{82412288-1A80-469C-BE71-250DF6E84F5E}.Release|x64.Build.0 = Release|x64
		{82412288-1A80-469C-BE71-250DF6E84F5E}.Release|x86.ActiveCfg = Release|Win32
		{82412288-1A80-469C-BE71-250DF6E84F5E}.Release|x86.Build.0 = Release|Win32
	EndGlobalSection
	GlobalSection(SolutionProperties) = preSolution
		HideSolutionNode = FALSE
	EndGlobalSection
	GlobalSection(ExtensibilityGlobals) = postSolution
		SolutionGuid = {D6429FE2-E962-41ED-A84C-8987C6231396}
	EndGlobalSection
EndGlobal
